
Microsoft Visual Studio Solution File, Format Version 12.00
# Visual Studio 15
VisualStudioVersion = 15.0.27130.2010
MinimumVisualStudioVersion = 10.0.40219.1
Project("{FAE04EC0-301F-11D3-BF4B-00C04F79EFBC}") = "Quest", "Quest\Quest.csproj", "{D2B13ECF-552B-461D-974F-1730BD0A6C7A}"
EndProject
Project("{FAE04EC0-301F-11D3-BF4B-00C04F79EFBC}") = "Engine", "Engine\Engine.csproj", "{0921A8D1-37FC-407A-99CE-495ADB72BCA7}"
EndProject
Global
	GlobalSection(SolutionConfigurationPlatforms) = preSolution
		Debug|Any CPU = Debug|Any CPU
		Release|Any CPU = Release|Any CPU
	EndGlobalSection
	GlobalSection(ProjectConfigurationPlatforms) = postSolution
		{D2B13ECF-552B-461D-974F-1730BD0A6C7A}.Debug|Any CPU.ActiveCfg = Debug|Any CPU
		{D2B13ECF-552B-461D-974F-1730BD0A6C7A}.Debug|Any CPU.Build.0 = Debug|Any CPU
		{D2B13ECF-552B-461D-974F-1730BD0A6C7A}.Release|Any CPU.ActiveCfg = Release|Any CPU
		{D2B13ECF-552B-461D-974F-1730BD0A6C7A}.Release|Any CPU.Build.0 = Release|Any CPU
		{0921A8D1-37FC-407A-99CE-495ADB72BCA7}.Debug|Any CPU.ActiveCfg = Debug|Any CPU
		{0921A8D1-37FC-407A-99CE-495ADB72BCA7}.Debug|Any CPU.Build.0 = Debug|Any CPU
		{0921A8D1-37FC-407A-99CE-495ADB72BCA7}.Release|Any CPU.ActiveCfg = Release|Any CPU
		{0921A8D1-37FC-407A-99CE-495ADB72BCA7}.Release|Any CPU.Build.0 = Release|Any CPU
	EndGlobalSection
	GlobalSection(SolutionProperties) = preSolution
		HideSolutionNode = FALSE
	EndGlobalSection
	GlobalSection(ExtensibilityGlobals) = postSolution
		SolutionGuid = {7EB61A40-B7AF-4071-9846-044CBF67E069}
	EndGlobalSection
EndGlobal
